# Run ./gradlew --write-locks to regenerate this file
com.auth0:java-jwt:3.18.2 (2 constraints: e612a842)
com.fasterxml.jackson:jackson-bom:2.13.0 (8 constraints: ec9f4acc)
com.fasterxml.jackson.core:jackson-annotations:2.13.0 (4 constraints: 4a4592e8)
com.fasterxml.jackson.core:jackson-core:2.13.0 (7 constraints: ae8952ea)
com.fasterxml.jackson.core:jackson-databind:2.13.0 (8 constraints: d884b4cf)
com.fasterxml.jackson.dataformat:jackson-dataformat-yaml:2.13.0 (3 constraints: 8f2137d5)
com.fasterxml.jackson.datatype:jackson-datatype-guava:2.13.0 (3 constraints: 8f2137d5)
com.fasterxml.jackson.datatype:jackson-datatype-jdk8:2.13.0 (3 constraints: 8f2137d5)
com.fasterxml.jackson.datatype:jackson-datatype-jsr310:2.13.0 (3 constraints: 8f2137d5)
com.github.ben-manes.caffeine:caffeine:3.0.5 (2 constraints: 7b125422)
com.google.code.findbugs:jsr305:3.0.2 (2 constraints: 8817c066)
com.google.errorprone:error_prone_annotations:2.10.0 (3 constraints: e32735aa)
com.google.guava:failureaccess:1.0.1 (2 constraints: 82173566)
com.google.guava:guava:31.0.1-jre (3 constraints: f12b712d)
com.google.guava:listenablefuture:9999.0-empty-to-avoid-conflict-with-guava (2 constraints: d4324b12)
com.google.j2objc:j2objc-annotations:1.3 (2 constraints: ca162516)
com.jakewharton.nopen:nopen-annotations:1.0.1 (4 constraints: eb3201f6)
com.markelliot.barista:barista:0.3.3 (1 constraints: 0805f735)
com.markelliot.barista.tracing:barista-tracing:0.3.0 (2 constraints: 7412f321)
com.markelliot.result:result:0.2.3 (1 constraints: 0705f435)
io.undertow:undertow-core:2.2.14.Final (2 constraints: da163e30)
org.apache.logging.log4j:log4j-api:2.17.0 (4 constraints: 963b2abd)
org.apache.logging.log4j:log4j-core:2.17.0 (2 constraints: 7c1e57cd)
org.apache.logging.log4j:log4j-jul:2.17.0 (1 constraints: a70d0f36)
org.apache.logging.log4j:log4j-slf4j-impl:2.17.0 (1 constraints: a70d0f36)
org.checkerframework:checker-qual:3.19.0 (3 constraints: 23288fce)
org.immutables:value:2.8.8 (1 constraints: 14051536)
org.jboss.logging:jboss-logging:3.4.1.Final (4 constraints: 7c408ce7)
org.jboss.threads:jboss-threads:3.1.0.Final (3 constraints: db29d27d)
org.jboss.xnio:xnio-api:3.8.4.Final (3 constraints: 042a9684)
org.jboss.xnio:xnio-nio:3.8.4.Final (2 constraints: 581dc71f)
org.slf4j:slf4j-api:1.7.32 (2 constraints: 841ef7cd)
org.wildfly.client:wildfly-client-config:1.0.1.Final (2 constraints: 1a1cded5)
org.wildfly.common:wildfly-common:1.5.2.Final (4 constraints: 523f3e43)
org.yaml:snakeyaml:1.28 (2 constraints: bc2404be)

[Test dependencies]
org.assertj:assertj-core:3.21.0 (1 constraints: 38053c3b)
org.junit:junit-bom:5.8.2 (5 constraints: 9b4843a6)
org.junit.jupiter:junit-jupiter-api:5.8.2 (2 constraints: c419c1f4)
org.junit.jupiter:junit-jupiter-engine:5.8.2 (2 constraints: 260e7a59)
org.junit.platform:junit-platform-commons:1.8.2 (3 constraints: ee29ed2b)
org.junit.platform:junit-platform-engine:1.8.2 (2 constraints: bc19ddf3)
org.opentest4j:opentest4j:1.2.0 (2 constraints: cd205b49)
