# Run ./gradlew writeVersionsLocks to regenerate this file
com.auth0:java-jwt:4.5.0 (3 constraints: 012515e9)
com.fasterxml.jackson:jackson-bom:2.19.2 (9 constraints: b1b2889b)
com.fasterxml.jackson.core:jackson-annotations:2.19.2 (6 constraints: 956e152a)
com.fasterxml.jackson.core:jackson-core:2.19.2 (9 constraints: eba46568)
com.fasterxml.jackson.core:jackson-databind:2.19.2 (9 constraints: 9d974b1d)
com.fasterxml.jackson.dataformat:jackson-dataformat-yaml:2.19.2 (4 constraints: 2c3407c2)
com.fasterxml.jackson.datatype:jackson-datatype-guava:2.19.2 (4 constraints: 2c3407c2)
com.fasterxml.jackson.datatype:jackson-datatype-jdk8:2.19.2 (4 constraints: 2c3407c2)
com.fasterxml.jackson.datatype:jackson-datatype-jsr310:2.19.2 (4 constraints: 2c3407c2)
com.github.ben-manes.caffeine:caffeine:3.2.2 (3 constraints: c824aad0)
com.google.errorprone:error_prone_annotations:2.40.0 (4 constraints: 973a6805)
com.google.guava:failureaccess:1.0.3 (3 constraints: d1294d16)
com.google.guava:guava:33.4.8-jre (4 constraints: 7541493e)
com.google.guava:listenablefuture:9999.0-empty-to-avoid-conflict-with-guava (3 constraints: c65279e4)
com.google.j2objc:j2objc-annotations:3.0.0 (3 constraints: ce29d515)
com.jakewharton.nopen:nopen-annotations:1.0.1 (5 constraints: 34455f35)
com.markelliot.barista:barista:0.113.0 (1 constraints: 67059540)
com.markelliot.barista:barista-annotations:0.113.0 (1 constraints: 67059540)
com.markelliot.barista.tracing:barista-tracing:0.123.0 (3 constraints: e7252d82)
com.markelliot.result:result:0.123.0 (3 constraints: e7252d82)
io.undertow:undertow-core:2.3.18.Final (3 constraints: 7c2b3be7)
org.apache.logging.log4j:log4j-api:2.25.1 (5 constraints: 494e5502)
org.apache.logging.log4j:log4j-core:2.25.1 (3 constraints: 2f312886)
org.apache.logging.log4j:log4j-jul:2.25.1 (2 constraints: 2820850e)
org.apache.logging.log4j:log4j-slf4j2-impl:2.25.1 (2 constraints: 2820850e)
org.immutables:value:2.11.1 (3 constraints: 5225e027)
org.jboss.logging:jboss-logging:3.4.3.Final (5 constraints: e9547b13)
org.jboss.threads:jboss-threads:3.5.0.Final (4 constraints: 4d3ea3a2)
org.jboss.xnio:xnio-api:3.8.16.Final (4 constraints: 3e3f5a7f)
org.jboss.xnio:xnio-nio:3.8.16.Final (3 constraints: 5f32f0bc)
org.jspecify:jspecify:1.0.0 (4 constraints: be39af3f)
org.slf4j:slf4j-api:2.0.17 (3 constraints: 2f31f585)
org.wildfly.client:wildfly-client-config:1.0.1.Final (3 constraints: 7b30c7c5)
org.wildfly.common:wildfly-common:1.7.0.Final (4 constraints: 67400f29)
org.yaml:snakeyaml:2.4 (3 constraints: 4136be49)

[Test dependencies]
net.bytebuddy:byte-buddy:1.15.11 (1 constraints: 7f0bc9ea)
org.assertj:assertj-core:3.27.3 (1 constraints: 4105513b)
org.junit:junit-bom:5.13.4 (5 constraints: 81493abe)
org.junit.jupiter:junit-jupiter-api:5.13.4 (2 constraints: 201a8820)
org.junit.jupiter:junit-jupiter-engine:5.13.4 (2 constraints: 820e2572)
org.junit.platform:junit-platform-commons:1.13.4 (3 constraints: 782ad891)
org.junit.platform:junit-platform-engine:1.13.4 (2 constraints: 181a981f)
org.opentest4j:opentest4j:1.3.0 (2 constraints: cf209249)
