# Run ./gradlew writeVersionsLocks to regenerate this file. Blank lines are to minimize merge conflicts.

com.auth0:java-jwt:4.4.0 (3 constraints: 06255feb)

com.fasterxml.jackson:jackson-bom:2.18.2 (9 constraints: a6b26893)

com.fasterxml.jackson.core:jackson-annotations:2.18.2 (5 constraints: e857d41c)

com.fasterxml.jackson.core:jackson-core:2.18.2 (8 constraints: 619c4420)

com.fasterxml.jackson.core:jackson-databind:2.18.2 (9 constraints: 90974612)

com.fasterxml.jackson.dataformat:jackson-dataformat-yaml:2.18.2 (4 constraints: 2634aac0)

com.fasterxml.jackson.datatype:jackson-datatype-guava:2.18.2 (4 constraints: 2634aac0)

com.fasterxml.jackson.datatype:jackson-datatype-jdk8:2.18.2 (4 constraints: 2634aac0)

com.fasterxml.jackson.datatype:jackson-datatype-jsr310:2.18.2 (4 constraints: 2634aac0)

com.github.ben-manes.caffeine:caffeine:3.2.2 (3 constraints: d42469d2)

com.google.errorprone:error_prone_annotations:2.41.0 (4 constraints: 9d3a0705)

com.google.guava:failureaccess:1.0.3 (3 constraints: cf291816)

com.google.guava:guava:33.5.0-jre (4 constraints: 5c414b37)

com.google.guava:listenablefuture:9999.0-empty-to-avoid-conflict-with-guava (3 constraints: c65279e4)

com.google.j2objc:j2objc-annotations:3.1 (1 constraints: b809f1a0)

com.jakewharton.nopen:nopen-annotations:1.0.1 (5 constraints: 34455f35)

com.markelliot.barista:barista:0.83.0 (1 constraints: 3d05483b)

com.markelliot.barista:barista-annotations:0.83.0 (1 constraints: 3d05483b)

com.markelliot.barista.tracing:barista-tracing:0.124.0 (3 constraints: 9225db40)

com.markelliot.result:result:0.126.0 (3 constraints: 9625d341)

io.smallrye.common:smallrye-common-annotation:2.6.0 (1 constraints: c30d1c36)

io.smallrye.common:smallrye-common-constraint:2.6.0 (4 constraints: 8a413caf)

io.smallrye.common:smallrye-common-cpu:2.6.0 (2 constraints: 731c91d2)

io.smallrye.common:smallrye-common-expression:2.4.0 (1 constraints: b10e835a)

io.smallrye.common:smallrye-common-function:2.6.0 (2 constraints: 5c215988)

io.smallrye.common:smallrye-common-net:2.4.0 (1 constraints: b10e835a)

io.smallrye.common:smallrye-common-os:2.4.0 (1 constraints: b10e835a)

io.smallrye.common:smallrye-common-ref:2.4.0 (1 constraints: b10e835a)

io.undertow:undertow-core:2.3.19.Final (3 constraints: b22b8205)

org.apache.logging.log4j:log4j-api:2.23.1 (5 constraints: 3f4e64fe)

org.apache.logging.log4j:log4j-core:2.23.1 (3 constraints: 2931de84)

org.apache.logging.log4j:log4j-jul:2.23.1 (2 constraints: 2420110e)

org.apache.logging.log4j:log4j-slf4j2-impl:2.23.1 (2 constraints: 2420110e)

org.immutables:value:2.11.4 (3 constraints: 5525f728)

org.jboss.logging:jboss-logging:3.6.1.Final (9 constraints: bba7bd7d)

org.jboss.threads:jboss-threads:3.7.0.Final (4 constraints: 4f3e01a3)

org.jboss.xnio:xnio-api:3.8.16.Final (4 constraints: 3e3f5a7f)

org.jboss.xnio:xnio-nio:3.8.16.Final (3 constraints: 5f32f0bc)

org.jspecify:jspecify:1.0.0 (2 constraints: 091a2b43)

org.slf4j:slf4j-api:2.0.13 (3 constraints: f8305e52)

org.wildfly.client:wildfly-client-config:1.0.1.Final (3 constraints: 7b30c7c5)

org.wildfly.common:wildfly-common:2.0.0 (4 constraints: 4b3ef9a7)

org.yaml:snakeyaml:2.3 (3 constraints: 3c360149)



[Test dependencies]

net.bytebuddy:byte-buddy:1.17.7 (2 constraints: 9d1841cb)

org.assertj:assertj-core:3.27.6 (2 constraints: 6112841e)

org.junit:junit-bom:5.14.0 (5 constraints: 72496bb8)

org.junit.jupiter:junit-jupiter-api:5.14.0 (2 constraints: 1a1af61f)

org.junit.jupiter:junit-jupiter-engine:5.14.0 (2 constraints: 7c0ecc71)

org.junit.platform:junit-platform-commons:1.14.0 (3 constraints: 6f2a2290)

org.junit.platform:junit-platform-engine:1.14.0 (2 constraints: 121a061f)

org.opentest4j:opentest4j:1.3.0 (2 constraints: cf209249)
